
Microsoft Visual Studio Solution File, Format Version 12.00
# Visual Studio Version 16
VisualStudioVersion = 16.0.29009.5
MinimumVisualStudioVersion = 10.0.40219.1
Project("{FAE04EC0-301F-11D3-BF4B-00C04F79EFBC}") = "Twenty One V2", "Twenty One V2.csproj", "{53406B37-EF97-4C22-B77A-FAECD8DC5CDC}"
EndProject
Global
	GlobalSection(SolutionConfigurationPlatforms) = preSolution
		Debug|Any CPU = Debug|Any CPU
		Release|Any CPU = Release|Any CPU
	EndGlobalSection
	GlobalSection(ProjectConfigurationPlatforms) = postSolution
		{53406B37-EF97-4C22-B77A-FAECD8DC5CDC}.Debug|Any CPU.ActiveCfg = Debug|Any CPU
		{53406B37-EF97-4C22-B77A-FAECD8DC5CDC}.Debug|Any CPU.Build.0 = Debug|Any CPU
		{53406B37-EF97-4C22-B77A-FAECD8DC5CDC}.Release|Any CPU.ActiveCfg = Release|Any CPU
		{53406B37-EF97-4C22-B77A-FAECD8DC5CDC}.Release|Any CPU.Build.0 = Release|Any CPU
	EndGlobalSection
	GlobalSection(SolutionProperties) = preSolution
		HideSolutionNode = FALSE
	EndGlobalSection
	GlobalSection(ExtensibilityGlobals) = postSolution
		SolutionGuid = {FE8F9A53-32F5-48EE-9836-68D35FFE46A7}
	EndGlobalSection
EndGlobal
